// !$*UTF8*$!
{
	archiveVersion = 1;
	classes = {
	};
	objectVersion = 46;
	objects = {

/* Begin PBXBuildFile section */
		7BBB515A554AFDECED58CAAD /* libPods-iOS Project Structure.a in Frameworks */ = {isa = PBXBuildFile; fileRef = F4FEC8FC843D4F5A20F22A42 /* libPods-iOS Project Structure.a */; };
		F7196E5E1DE6A26B00EB2A99 /* main.m in Sources */ = {isa = PBXBuildFile; fileRef = F7196E5D1DE6A26B00EB2A99 /* main.m */; };
		F7196E671DE6A26B00EB2A99 /* Login.storyboard in Resources */ = {isa = PBXBuildFile; fileRef = F7196E651DE6A26B00EB2A99 /* Login.storyboard */; };
		F7196E691DE6A26B00EB2A99 /* Assets.xcassets in Resources */ = {isa = PBXBuildFile; fileRef = F7196E681DE6A26B00EB2A99 /* Assets.xcassets */; };
		F7196E6C1DE6A26B00EB2A99 /* Splash.storyboard in Resources */ = {isa = PBXBuildFile; fileRef = F7196E6A1DE6A26B00EB2A99 /* Splash.storyboard */; };
		F7196E7D1DE6A31A00EB2A99 /* AppDelegate.m in Sources */ = {isa = PBXBuildFile; fileRef = F7196E7C1DE6A31A00EB2A99 /* AppDelegate.m */; };
		F77A83EB1DEC1E18003E2DA0 /* RLMUser.m in Sources */ = {isa = PBXBuildFile; fileRef = F77A83EA1DEC1E18003E2DA0 /* RLMUser.m */; };
		F77A83EE1DEC1F1A003E2DA0 /* VEADBHelper.m in Sources */ = {isa = PBXBuildFile; fileRef = F77A83ED1DEC1F1A003E2DA0 /* VEADBHelper.m */; };
		F7D650F71DE823680070EEE5 /* VEALoginViewController.m in Sources */ = {isa = PBXBuildFile; fileRef = F7D650F61DE823680070EEE5 /* VEALoginViewController.m */; };
		F7D650FA1DE82AC90070EEE5 /* VEAConstants.m in Sources */ = {isa = PBXBuildFile; fileRef = F7D650F91DE82AC90070EEE5 /* VEAConstants.m */; };
		F7D650FD1DE82B0A0070EEE5 /* VEAGlobalVariables.m in Sources */ = {isa = PBXBuildFile; fileRef = F7D650FC1DE82B0A0070EEE5 /* VEAGlobalVariables.m */; };
		F7D651001DE82B6B0070EEE5 /* VEAUtils.m in Sources */ = {isa = PBXBuildFile; fileRef = F7D650FF1DE82B6B0070EEE5 /* VEAUtils.m */; };
		F7D651051DE82BEB0070EEE5 /* VEABaseViewController.m in Sources */ = {isa = PBXBuildFile; fileRef = F7D651041DE82BEB0070EEE5 /* VEABaseViewController.m */; };
		F7D651081DE82C740070EEE5 /* VEAAPIHelper.m in Sources */ = {isa = PBXBuildFile; fileRef = F7D651071DE82C740070EEE5 /* VEAAPIHelper.m */; };
		F7D6510F1DE8316D0070EEE5 /* Localizable.strings in Resources */ = {isa = PBXBuildFile; fileRef = F7D6510D1DE8316D0070EEE5 /* Localizable.strings */; };
		F7D651141DE8320F0070EEE5 /* SampleError.json in Resources */ = {isa = PBXBuildFile; fileRef = F7D651111DE8320F0070EEE5 /* SampleError.json */; };
		F7D651151DE8320F0070EEE5 /* SampleLogin.json in Resources */ = {isa = PBXBuildFile; fileRef = F7D651121DE8320F0070EEE5 /* SampleLogin.json */; };
		F7D651161DE8320F0070EEE5 /* SampleSuccess.json in Resources */ = {isa = PBXBuildFile; fileRef = F7D651131DE8320F0070EEE5 /* SampleSuccess.json */; };
		F7D651191DE8333D0070EEE5 /* VEAAPIResult.m in Sources */ = {isa = PBXBuildFile; fileRef = F7D651181DE8333D0070EEE5 /* VEAAPIResult.m */; };
		F7D6511C1DE8336C0070EEE5 /* VEAUser.m in Sources */ = {isa = PBXBuildFile; fileRef = F7D6511B1DE8336C0070EEE5 /* VEAUser.m */; };
		F7D6511F1DE8387D0070EEE5 /* VEAGAHelper.m in Sources */ = {isa = PBXBuildFile; fileRef = F7D6511E1DE8387D0070EEE5 /* VEAGAHelper.m */; };
/* End PBXBuildFile section */

/* Begin PBXFileReference section */
		1053E6B63DC648F3A756E6D8 /* Pods-iOS Project Structure.release.xcconfig */ = {isa = PBXFileReference; includeInIndex = 1; lastKnownFileType = text.xcconfig; name = "Pods-iOS Project Structure.release.xcconfig"; path = "Pods/Target Support Files/Pods-iOS Project Structure/Pods-iOS Project Structure.release.xcconfig"; sourceTree = "<group>"; };
		4EC40E70F4812E192E53A34A /* Pods-iOS Project Structure.debug.xcconfig */ = {isa = PBXFileReference; includeInIndex = 1; lastKnownFileType = text.xcconfig; name = "Pods-iOS Project Structure.debug.xcconfig"; path = "Pods/Target Support Files/Pods-iOS Project Structure/Pods-iOS Project Structure.debug.xcconfig"; sourceTree = "<group>"; };
		F4FEC8FC843D4F5A20F22A42 /* libPods-iOS Project Structure.a */ = {isa = PBXFileReference; explicitFileType = archive.ar; includeInIndex = 0; path = "libPods-iOS Project Structure.a"; sourceTree = BUILT_PRODUCTS_DIR; };
		F7196E591DE6A26B00EB2A99 /* iOS Project Structure.app */ = {isa = PBXFileReference; explicitFileType = wrapper.application; includeInIndex = 0; path = "iOS Project Structure.app"; sourceTree = BUILT_PRODUCTS_DIR; };
		F7196E5D1DE6A26B00EB2A99 /* main.m */ = {isa = PBXFileReference; lastKnownFileType = sourcecode.c.objc; path = main.m; sourceTree = "<group>"; };
		F7196E661DE6A26B00EB2A99 /* Base */ = {isa = PBXFileReference; lastKnownFileType = file.storyboard; name = Base; path = Base.lproj/Login.storyboard; sourceTree = "<group>"; };
		F7196E681DE6A26B00EB2A99 /* Assets.xcassets */ = {isa = PBXFileReference; lastKnownFileType = folder.assetcatalog; path = Assets.xcassets; sourceTree = "<group>"; };
		F7196E6B1DE6A26B00EB2A99 /* Base */ = {isa = PBXFileReference; lastKnownFileType = file.storyboard; name = Base; path = Base.lproj/Splash.storyboard; sourceTree = "<group>"; };
		F7196E6D1DE6A26B00EB2A99 /* Info.plist */ = {isa = PBXFileReference; lastKnownFileType = text.plist.xml; path = Info.plist; sourceTree = "<group>"; };
		F7196E7B1DE6A31A00EB2A99 /* AppDelegate.h */ = {isa = PBXFileReference; fileEncoding = 4; lastKnownFileType = sourcecode.c.h; name = AppDelegate.h; path = Classes/AppDelegate.h; sourceTree = "<group>"; };
		F7196E7C1DE6A31A00EB2A99 /* AppDelegate.m */ = {isa = PBXFileReference; fileEncoding = 4; lastKnownFileType = sourcecode.c.objc; name = AppDelegate.m; path = Classes/AppDelegate.m; sourceTree = "<group>"; };
		F77A83E91DEC1E18003E2DA0 /* RLMUser.h */ = {isa = PBXFileReference; fileEncoding = 4; lastKnownFileType = sourcecode.c.h; name = RLMUser.h; path = Classes/Models/Database/RLMUser.h; sourceTree = "<group>"; };
		F77A83EA1DEC1E18003E2DA0 /* RLMUser.m */ = {isa = PBXFileReference; fileEncoding = 4; lastKnownFileType = sourcecode.c.objc; name = RLMUser.m; path = Classes/Models/Database/RLMUser.m; sourceTree = "<group>"; };
		F77A83EC1DEC1F1A003E2DA0 /* VEADBHelper.h */ = {isa = PBXFileReference; fileEncoding = 4; lastKnownFileType = sourcecode.c.h; name = VEADBHelper.h; path = Classes/Helpers/VEADBHelper.h; sourceTree = "<group>"; };
		F77A83ED1DEC1F1A003E2DA0 /* VEADBHelper.m */ = {isa = PBXFileReference; fileEncoding = 4; lastKnownFileType = sourcecode.c.objc; name = VEADBHelper.m; path = Classes/Helpers/VEADBHelper.m; sourceTree = "<group>"; };
		F7D650F41DE822D50070EEE5 /* iOSProjectStructure-Prefix.pch */ = {isa = PBXFileReference; lastKnownFileType = sourcecode.c.h; path = "iOSProjectStructure-Prefix.pch"; sourceTree = "<group>"; };
		F7D650F51DE823680070EEE5 /* VEALoginViewController.h */ = {isa = PBXFileReference; fileEncoding = 4; lastKnownFileType = sourcecode.c.h; name = VEALoginViewController.h; path = Classes/Controllers/VEALoginViewController.h; sourceTree = "<group>"; };
		F7D650F61DE823680070EEE5 /* VEALoginViewController.m */ = {isa = PBXFileReference; fileEncoding = 4; lastKnownFileType = sourcecode.c.objc; name = VEALoginViewController.m; path = Classes/Controllers/VEALoginViewController.m; sourceTree = "<group>"; };
		F7D650F81DE82AC90070EEE5 /* VEAConstants.h */ = {isa = PBXFileReference; fileEncoding = 4; lastKnownFileType = sourcecode.c.h; name = VEAConstants.h; path = Classes/Helpers/VEAConstants.h; sourceTree = "<group>"; };
		F7D650F91DE82AC90070EEE5 /* VEAConstants.m */ = {isa = PBXFileReference; fileEncoding = 4; lastKnownFileType = sourcecode.c.objc; name = VEAConstants.m; path = Classes/Helpers/VEAConstants.m; sourceTree = "<group>"; };
		F7D650FB1DE82B0A0070EEE5 /* VEAGlobalVariables.h */ = {isa = PBXFileReference; fileEncoding = 4; lastKnownFileType = sourcecode.c.h; name = VEAGlobalVariables.h; path = Classes/Helpers/VEAGlobalVariables.h; sourceTree = "<group>"; };
		F7D650FC1DE82B0A0070EEE5 /* VEAGlobalVariables.m */ = {isa = PBXFileReference; fileEncoding = 4; lastKnownFileType = sourcecode.c.objc; name = VEAGlobalVariables.m; path = Classes/Helpers/VEAGlobalVariables.m; sourceTree = "<group>"; };
		F7D650FE1DE82B6B0070EEE5 /* VEAUtils.h */ = {isa = PBXFileReference; fileEncoding = 4; lastKnownFileType = sourcecode.c.h; name = VEAUtils.h; path = Classes/Helpers/VEAUtils.h; sourceTree = "<group>"; };
		F7D650FF1DE82B6B0070EEE5 /* VEAUtils.m */ = {isa = PBXFileReference; fileEncoding = 4; lastKnownFileType = sourcecode.c.objc; name = VEAUtils.m; path = Classes/Helpers/VEAUtils.m; sourceTree = "<group>"; };
		F7D651031DE82BEB0070EEE5 /* VEABaseViewController.h */ = {isa = PBXFileReference; fileEncoding = 4; lastKnownFileType = sourcecode.c.h; name = VEABaseViewController.h; path = Classes/Controllers/VEABaseViewController.h; sourceTree = "<group>"; };
		F7D651041DE82BEB0070EEE5 /* VEABaseViewController.m */ = {isa = PBXFileReference; fileEncoding = 4; lastKnownFileType = sourcecode.c.objc; name = VEABaseViewController.m; path = Classes/Controllers/VEABaseViewController.m; sourceTree = "<group>"; };
		F7D651061DE82C740070EEE5 /* VEAAPIHelper.h */ = {isa = PBXFileReference; fileEncoding = 4; lastKnownFileType = sourcecode.c.h; name = VEAAPIHelper.h; path = Classes/Helpers/VEAAPIHelper.h; sourceTree = "<group>"; };
		F7D651071DE82C740070EEE5 /* VEAAPIHelper.m */ = {isa = PBXFileReference; fileEncoding = 4; lastKnownFileType = sourcecode.c.objc; name = VEAAPIHelper.m; path = Classes/Helpers/VEAAPIHelper.m; sourceTree = "<group>"; };
		F7D6510E1DE8316D0070EEE5 /* Base */ = {isa = PBXFileReference; lastKnownFileType = text.plist.strings; name = Base; path = Base.lproj/Localizable.strings; sourceTree = "<group>"; };
		F7D651111DE8320F0070EEE5 /* SampleError.json */ = {isa = PBXFileReference; fileEncoding = 4; lastKnownFileType = text.json; name = SampleError.json; path = Resources/JSONs/SampleError.json; sourceTree = "<group>"; };
		F7D651121DE8320F0070EEE5 /* SampleLogin.json */ = {isa = PBXFileReference; fileEncoding = 4; lastKnownFileType = text.json; name = SampleLogin.json; path = Resources/JSONs/SampleLogin.json; sourceTree = "<group>"; };
		F7D651131DE8320F0070EEE5 /* SampleSuccess.json */ = {isa = PBXFileReference; fileEncoding = 4; lastKnownFileType = text.json; name = SampleSuccess.json; path = Resources/JSONs/SampleSuccess.json; sourceTree = "<group>"; };
		F7D651171DE8333D0070EEE5 /* VEAAPIResult.h */ = {isa = PBXFileReference; fileEncoding = 4; lastKnownFileType = sourcecode.c.h; name = VEAAPIResult.h; path = Classes/Models/VEAAPIResult.h; sourceTree = "<group>"; };
		F7D651181DE8333D0070EEE5 /* VEAAPIResult.m */ = {isa = PBXFileReference; fileEncoding = 4; lastKnownFileType = sourcecode.c.objc; name = VEAAPIResult.m; path = Classes/Models/VEAAPIResult.m; sourceTree = "<group>"; };
		F7D6511A1DE8336C0070EEE5 /* VEAUser.h */ = {isa = PBXFileReference; fileEncoding = 4; lastKnownFileType = sourcecode.c.h; name = VEAUser.h; path = Classes/Models/VEAUser.h; sourceTree = "<group>"; };
		F7D6511B1DE8336C0070EEE5 /* VEAUser.m */ = {isa = PBXFileReference; fileEncoding = 4; lastKnownFileType = sourcecode.c.objc; name = VEAUser.m; path = Classes/Models/VEAUser.m; sourceTree = "<group>"; };
		F7D6511D1DE8387D0070EEE5 /* VEAGAHelper.h */ = {isa = PBXFileReference; fileEncoding = 4; lastKnownFileType = sourcecode.c.h; name = VEAGAHelper.h; path = Classes/Helpers/VEAGAHelper.h; sourceTree = "<group>"; };
		F7D6511E1DE8387D0070EEE5 /* VEAGAHelper.m */ = {isa = PBXFileReference; fileEncoding = 4; lastKnownFileType = sourcecode.c.objc; name = VEAGAHelper.m; path = Classes/Helpers/VEAGAHelper.m; sourceTree = "<group>"; };
/* End PBXFileReference section */

/* Begin PBXFrameworksBuildPhase section */
		F7196E561DE6A26B00EB2A99 /* Frameworks */ = {
			isa = PBXFrameworksBuildPhase;
			buildActionMask = 2147483647;
			files = (
				7BBB515A554AFDECED58CAAD /* libPods-iOS Project Structure.a in Frameworks */,
			);
			runOnlyForDeploymentPostprocessing = 0;
		};
/* End PBXFrameworksBuildPhase section */

/* Begin PBXGroup section */
		39E2F5969C0106D828EA084A /* Pods */ = {
			isa = PBXGroup;
			children = (
				4EC40E70F4812E192E53A34A /* Pods-iOS Project Structure.debug.xcconfig */,
				1053E6B63DC648F3A756E6D8 /* Pods-iOS Project Structure.release.xcconfig */,
			);
			name = Pods;
			sourceTree = "<group>";
		};
		50A33AF7C90BE0385BA40F5D /* Frameworks */ = {
			isa = PBXGroup;
			children = (
				F4FEC8FC843D4F5A20F22A42 /* libPods-iOS Project Structure.a */,
			);
			name = Frameworks;
			sourceTree = "<group>";
		};
		F7196E501DE6A26B00EB2A99 = {
			isa = PBXGroup;
			children = (
				F7196E5B1DE6A26B00EB2A99 /* iOS Project Structure */,
				F7196E5A1DE6A26B00EB2A99 /* Products */,
				39E2F5969C0106D828EA084A /* Pods */,
				50A33AF7C90BE0385BA40F5D /* Frameworks */,
			);
			sourceTree = "<group>";
		};
		F7196E5A1DE6A26B00EB2A99 /* Products */ = {
			isa = PBXGroup;
			children = (
				F7196E591DE6A26B00EB2A99 /* iOS Project Structure.app */,
			);
			name = Products;
			sourceTree = "<group>";
		};
		F7196E5B1DE6A26B00EB2A99 /* iOS Project Structure */ = {
			isa = PBXGroup;
			children = (
				F7196E731DE6A27D00EB2A99 /* Classes */,
				F7196E791DE6A2C600EB2A99 /* Storyboards */,
				F7196E7A1DE6A2CF00EB2A99 /* Resources */,
				F7196E6D1DE6A26B00EB2A99 /* Info.plist */,
				F7196E5C1DE6A26B00EB2A99 /* Supporting Files */,
			);
			path = "iOS Project Structure";
			sourceTree = "<group>";
		};
		F7196E5C1DE6A26B00EB2A99 /* Supporting Files */ = {
			isa = PBXGroup;
			children = (
				F7196E5D1DE6A26B00EB2A99 /* main.m */,
				F7D650F41DE822D50070EEE5 /* iOSProjectStructure-Prefix.pch */,
				F7D6510D1DE8316D0070EEE5 /* Localizable.strings */,
			);
			name = "Supporting Files";
			sourceTree = "<group>";
		};
		F7196E731DE6A27D00EB2A99 /* Classes */ = {
			isa = PBXGroup;
			children = (
				F7196E7B1DE6A31A00EB2A99 /* AppDelegate.h */,
				F7196E7C1DE6A31A00EB2A99 /* AppDelegate.m */,
				F7196E781DE6A29F00EB2A99 /* Helpers */,
				F7196E771DE6A29900EB2A99 /* Models */,
				F7196E761DE6A29100EB2A99 /* Views */,
				F7196E751DE6A28B00EB2A99 /* Controllers */,
				F7196E741DE6A28700EB2A99 /* Libraries */,
			);
			name = Classes;
			sourceTree = "<group>";
		};
		F7196E741DE6A28700EB2A99 /* Libraries */ = {
			isa = PBXGroup;
			children = (
			);
			name = Libraries;
			sourceTree = "<group>";
		};
		F7196E751DE6A28B00EB2A99 /* Controllers */ = {
			isa = PBXGroup;
			children = (
				F7D651021DE82BDA0070EEE5 /* Base */,
				F7D651011DE82BD30070EEE5 /* Login */,
			);
			name = Controllers;
			sourceTree = "<group>";
		};
		F7196E761DE6A29100EB2A99 /* Views */ = {
			isa = PBXGroup;
			children = (
			);
			name = Views;
			sourceTree = "<group>";
		};
		F7196E771DE6A29900EB2A99 /* Models */ = {
			isa = PBXGroup;
			children = (
				F77A83E51DEC1CF9003E2DA0 /* Database */,
				F7D651171DE8333D0070EEE5 /* VEAAPIResult.h */,
				F7D651181DE8333D0070EEE5 /* VEAAPIResult.m */,
				F7D6511A1DE8336C0070EEE5 /* VEAUser.h */,
				F7D6511B1DE8336C0070EEE5 /* VEAUser.m */,
			);
			name = Models;
			sourceTree = "<group>";
		};
		F7196E781DE6A29F00EB2A99 /* Helpers */ = {
			isa = PBXGroup;
			children = (
				F7D650F81DE82AC90070EEE5 /* VEAConstants.h */,
				F7D650F91DE82AC90070EEE5 /* VEAConstants.m */,
				F7D650FB1DE82B0A0070EEE5 /* VEAGlobalVariables.h */,
				F7D650FC1DE82B0A0070EEE5 /* VEAGlobalVariables.m */,
				F7D650FE1DE82B6B0070EEE5 /* VEAUtils.h */,
				F7D650FF1DE82B6B0070EEE5 /* VEAUtils.m */,
				F7D651061DE82C740070EEE5 /* VEAAPIHelper.h */,
				F7D651071DE82C740070EEE5 /* VEAAPIHelper.m */,
				F77A83EC1DEC1F1A003E2DA0 /* VEADBHelper.h */,
				F77A83ED1DEC1F1A003E2DA0 /* VEADBHelper.m */,
				F7D6511D1DE8387D0070EEE5 /* VEAGAHelper.h */,
				F7D6511E1DE8387D0070EEE5 /* VEAGAHelper.m */,
			);
			name = Helpers;
			sourceTree = "<group>";
		};
		F7196E791DE6A2C600EB2A99 /* Storyboards */ = {
			isa = PBXGroup;
			children = (
				F7196E6A1DE6A26B00EB2A99 /* Splash.storyboard */,
				F7196E651DE6A26B00EB2A99 /* Login.storyboard */,
			);
			name = Storyboards;
			sourceTree = "<group>";
		};
		F7196E7A1DE6A2CF00EB2A99 /* Resources */ = {
			isa = PBXGroup;
			children = (
				F7196E7E1DE6A35700EB2A99 /* Fonts */,
				F7196E7F1DE6A35B00EB2A99 /* Images */,
				F7196E801DE6A35E00EB2A99 /* JSONs */,
			);
			name = Resources;
			sourceTree = "<group>";
		};
		F7196E7E1DE6A35700EB2A99 /* Fonts */ = {
			isa = PBXGroup;
			children = (
			);
			name = Fonts;
			sourceTree = "<group>";
		};
		F7196E7F1DE6A35B00EB2A99 /* Images */ = {
			isa = PBXGroup;
			children = (
				F7196E681DE6A26B00EB2A99 /* Assets.xcassets */,
			);
			name = Images;
			sourceTree = "<group>";
		};
		F7196E801DE6A35E00EB2A99 /* JSONs */ = {
			isa = PBXGroup;
			children = (
				F7D651131DE8320F0070EEE5 /* SampleSuccess.json */,
				F7D651111DE8320F0070EEE5 /* SampleError.json */,
				F7D651121DE8320F0070EEE5 /* SampleLogin.json */,
			);
			name = JSONs;
			sourceTree = "<group>";
		};
		F77A83E51DEC1CF9003E2DA0 /* Database */ = {
			isa = PBXGroup;
			children = (
				F77A83E91DEC1E18003E2DA0 /* RLMUser.h */,
				F77A83EA1DEC1E18003E2DA0 /* RLMUser.m */,
			);
			name = Database;
			sourceTree = "<group>";
		};
		F7D651011DE82BD30070EEE5 /* Login */ = {
			isa = PBXGroup;
			children = (
				F7D650F51DE823680070EEE5 /* VEALoginViewController.h */,
				F7D650F61DE823680070EEE5 /* VEALoginViewController.m */,
			);
			name = Login;
			sourceTree = "<group>";
		};
		F7D651021DE82BDA0070EEE5 /* Base */ = {
			isa = PBXGroup;
			children = (
				F7D651031DE82BEB0070EEE5 /* VEABaseViewController.h */,
				F7D651041DE82BEB0070EEE5 /* VEABaseViewController.m */,
			);
			name = Base;
			sourceTree = "<group>";
		};
/* End PBXGroup section */

/* Begin PBXNativeTarget section */
		F7196E581DE6A26B00EB2A99 /* iOS Project Structure */ = {
			isa = PBXNativeTarget;
			buildConfigurationList = F7196E701DE6A26B00EB2A99 /* Build configuration list for PBXNativeTarget "iOS Project Structure" */;
			buildPhases = (
				B59C0296A14D11C01E910521 /* 📦 Check Pods Manifest.lock */,
				F7196E551DE6A26B00EB2A99 /* Sources */,
				F7196E561DE6A26B00EB2A99 /* Frameworks */,
				F7196E571DE6A26B00EB2A99 /* Resources */,
				71811EBF2840D284EE762891 /* 📦 Embed Pods Frameworks */,
				D9C41AA9FC49E3C220BFBA2A /* 📦 Copy Pods Resources */,
			);
			buildRules = (
			);
			dependencies = (
			);
			name = "iOS Project Structure";
			productName = "iOS Project Structure";
			productReference = F7196E591DE6A26B00EB2A99 /* iOS Project Structure.app */;
			productType = "com.apple.product-type.application";
		};
/* End PBXNativeTarget section */

/* Begin PBXProject section */
		F7196E511DE6A26B00EB2A99 /* Project object */ = {
			isa = PBXProject;
			attributes = {
				CLASSPREFIX = VEA;
				LastUpgradeCheck = 0810;
				ORGANIZATIONNAME = "Vea Novenario";
				TargetAttributes = {
					F7196E581DE6A26B00EB2A99 = {
						CreatedOnToolsVersion = 8.1;
						DevelopmentTeam = TRQW64F727;
						ProvisioningStyle = Automatic;
					};
				};
			};
			buildConfigurationList = F7196E541DE6A26B00EB2A99 /* Build configuration list for PBXProject "iOS Project Structure" */;
			compatibilityVersion = "Xcode 3.2";
			developmentRegion = English;
			hasScannedForEncodings = 0;
			knownRegions = (
				en,
				Base,
			);
			mainGroup = F7196E501DE6A26B00EB2A99;
			productRefGroup = F7196E5A1DE6A26B00EB2A99 /* Products */;
			projectDirPath = "";
			projectRoot = "";
			targets = (
				F7196E581DE6A26B00EB2A99 /* iOS Project Structure */,
			);
		};
/* End PBXProject section */

/* Begin PBXResourcesBuildPhase section */
		F7196E571DE6A26B00EB2A99 /* Resources */ = {
			isa = PBXResourcesBuildPhase;
			buildActionMask = 2147483647;
			files = (
				F7196E6C1DE6A26B00EB2A99 /* Splash.storyboard in Resources */,
				F7D6510F1DE8316D0070EEE5 /* Localizable.strings in Resources */,
				F7D651161DE8320F0070EEE5 /* SampleSuccess.json in Resources */,
				F7D651141DE8320F0070EEE5 /* SampleError.json in Resources */,
				F7D651151DE8320F0070EEE5 /* SampleLogin.json in Resources */,
				F7196E691DE6A26B00EB2A99 /* Assets.xcassets in Resources */,
				F7196E671DE6A26B00EB2A99 /* Login.storyboard in Resources */,
			);
			runOnlyForDeploymentPostprocessing = 0;
		};
/* End PBXResourcesBuildPhase section */

/* Begin PBXShellScriptBuildPhase section */
		71811EBF2840D284EE762891 /* 📦 Embed Pods Frameworks */ = {
			isa = PBXShellScriptBuildPhase;
			buildActionMask = 2147483647;
			files = (
			);
			inputPaths = (
			);
			name = "📦 Embed Pods Frameworks";
			outputPaths = (
			);
			runOnlyForDeploymentPostprocessing = 0;
			shellPath = /bin/sh;
			shellScript = "\"${SRCROOT}/Pods/Target Support Files/Pods-iOS Project Structure/Pods-iOS Project Structure-frameworks.sh\"\n";
			showEnvVarsInLog = 0;
		};
		B59C0296A14D11C01E910521 /* 📦 Check Pods Manifest.lock */ = {
			isa = PBXShellScriptBuildPhase;
			buildActionMask = 2147483647;
			files = (
			);
			inputPaths = (
			);
			name = "📦 Check Pods Manifest.lock";
			outputPaths = (
			);
			runOnlyForDeploymentPostprocessing = 0;
			shellPath = /bin/sh;
			shellScript = "diff \"${PODS_ROOT}/../Podfile.lock\" \"${PODS_ROOT}/Manifest.lock\" > /dev/null\nif [[ $? != 0 ]] ; then\n    cat << EOM\nerror: The sandbox is not in sync with the Podfile.lock. Run 'pod install' or update your CocoaPods installation.\nEOM\n    exit 1\nfi\n";
			showEnvVarsInLog = 0;
		};
		D9C41AA9FC49E3C220BFBA2A /* 📦 Copy Pods Resources */ = {
			isa = PBXShellScriptBuildPhase;
			buildActionMask = 2147483647;
			files = (
			);
			inputPaths = (
			);
			name = "📦 Copy Pods Resources";
			outputPaths = (
			);
			runOnlyForDeploymentPostprocessing = 0;
			shellPath = /bin/sh;
			shellScript = "\"${SRCROOT}/Pods/Target Support Files/Pods-iOS Project Structure/Pods-iOS Project Structure-resources.sh\"\n";
			showEnvVarsInLog = 0;
		};
/* End PBXShellScriptBuildPhase section */

/* Begin PBXSourcesBuildPhase section */
		F7196E551DE6A26B00EB2A99 /* Sources */ = {
			isa = PBXSourcesBuildPhase;
			buildActionMask = 2147483647;
			files = (
				F7D651001DE82B6B0070EEE5 /* VEAUtils.m in Sources */,
				F7D6511C1DE8336C0070EEE5 /* VEAUser.m in Sources */,
				F77A83EE1DEC1F1A003E2DA0 /* VEADBHelper.m in Sources */,
				F77A83EB1DEC1E18003E2DA0 /* RLMUser.m in Sources */,
				F7196E7D1DE6A31A00EB2A99 /* AppDelegate.m in Sources */,
				F7D651191DE8333D0070EEE5 /* VEAAPIResult.m in Sources */,
				F7D6511F1DE8387D0070EEE5 /* VEAGAHelper.m in Sources */,
				F7196E5E1DE6A26B00EB2A99 /* main.m in Sources */,
				F7D650FA1DE82AC90070EEE5 /* VEAConstants.m in Sources */,
				F7D650F71DE823680070EEE5 /* VEALoginViewController.m in Sources */,
				F7D651051DE82BEB0070EEE5 /* VEABaseViewController.m in Sources */,
				F7D650FD1DE82B0A0070EEE5 /* VEAGlobalVariables.m in Sources */,
				F7D651081DE82C740070EEE5 /* VEAAPIHelper.m in Sources */,
			);
			runOnlyForDeploymentPostprocessing = 0;
		};
/* End PBXSourcesBuildPhase section */

/* Begin PBXVariantGroup section */
		F7196E651DE6A26B00EB2A99 /* Login.storyboard */ = {
			isa = PBXVariantGroup;
			children = (
				F7196E661DE6A26B00EB2A99 /* Base */,
			);
			name = Login.storyboard;
			sourceTree = "<group>";
		};
		F7196E6A1DE6A26B00EB2A99 /* Splash.storyboard */ = {
			isa = PBXVariantGroup;
			children = (
				F7196E6B1DE6A26B00EB2A99 /* Base */,
			);
			name = Splash.storyboard;
			sourceTree = "<group>";
		};
		F7D6510D1DE8316D0070EEE5 /* Localizable.strings */ = {
			isa = PBXVariantGroup;
			children = (
				F7D6510E1DE8316D0070EEE5 /* Base */,
			);
			name = Localizable.strings;
			sourceTree = "<group>";
		};
/* End PBXVariantGroup section */

/* Begin XCBuildConfiguration section */
		F7196E6E1DE6A26B00EB2A99 /* Debug */ = {
			isa = XCBuildConfiguration;
			buildSettings = {
				ALWAYS_SEARCH_USER_PATHS = NO;
				CLANG_ANALYZER_LOCALIZABILITY_NONLOCALIZED = YES;
				CLANG_ANALYZER_NONNULL = YES;
				CLANG_CXX_LANGUAGE_STANDARD = "gnu++0x";
				CLANG_CXX_LIBRARY = "libc++";
				CLANG_ENABLE_MODULES = YES;
				CLANG_ENABLE_OBJC_ARC = YES;
				CLANG_WARN_BOOL_CONVERSION = YES;
				CLANG_WARN_CONSTANT_CONVERSION = YES;
				CLANG_WARN_DIRECT_OBJC_ISA_USAGE = YES_ERROR;
				CLANG_WARN_DOCUMENTATION_COMMENTS = YES;
				CLANG_WARN_EMPTY_BODY = YES;
				CLANG_WARN_ENUM_CONVERSION = YES;
				CLANG_WARN_INFINITE_RECURSION = YES;
				CLANG_WARN_INT_CONVERSION = YES;
				CLANG_WARN_OBJC_ROOT_CLASS = YES_ERROR;
				CLANG_WARN_SUSPICIOUS_MOVES = YES;
				CLANG_WARN_UNREACHABLE_CODE = YES;
				CLANG_WARN__DUPLICATE_METHOD_MATCH = YES;
				"CODE_SIGN_IDENTITY[sdk=iphoneos*]" = "iPhone Developer";
				COPY_PHASE_STRIP = NO;
				DEBUG_INFORMATION_FORMAT = dwarf;
				ENABLE_STRICT_OBJC_MSGSEND = YES;
				ENABLE_TESTABILITY = YES;
				GCC_C_LANGUAGE_STANDARD = gnu99;
				GCC_DYNAMIC_NO_PIC = NO;
				GCC_NO_COMMON_BLOCKS = YES;
				GCC_OPTIMIZATION_LEVEL = 0;
				GCC_PREPROCESSOR_DEFINITIONS = (
					"DEBUG=1",
					"$(inherited)",
				);
				GCC_WARN_64_TO_32_BIT_CONVERSION = YES;
				GCC_WARN_ABOUT_RETURN_TYPE = YES_ERROR;
				GCC_WARN_UNDECLARED_SELECTOR = YES;
				GCC_WARN_UNINITIALIZED_AUTOS = YES_AGGRESSIVE;
				GCC_WARN_UNUSED_FUNCTION = YES;
				GCC_WARN_UNUSED_VARIABLE = YES;
				IPHONEOS_DEPLOYMENT_TARGET = 10.1;
				MTL_ENABLE_DEBUG_INFO = YES;
				ONLY_ACTIVE_ARCH = YES;
				SDKROOT = iphoneos;
				TARGETED_DEVICE_FAMILY = "1,2";
			};
			name = Debug;
		};
		F7196E6F1DE6A26B00EB2A99 /* Release */ = {
			isa = XCBuildConfiguration;
			buildSettings = {
				ALWAYS_SEARCH_USER_PATHS = NO;
				CLANG_ANALYZER_LOCALIZABILITY_NONLOCALIZED = YES;
				CLANG_ANALYZER_NONNULL = YES;
				CLANG_CXX_LANGUAGE_STANDARD = "gnu++0x";
				CLANG_CXX_LIBRARY = "libc++";
				CLANG_ENABLE_MODULES = YES;
				CLANG_ENABLE_OBJC_ARC = YES;
				CLANG_WARN_BOOL_CONVERSION = YES;
				CLANG_WARN_CONSTANT_CONVERSION = YES;
				CLANG_WARN_DIRECT_OBJC_ISA_USAGE = YES_ERROR;
				CLANG_WARN_DOCUMENTATION_COMMENTS = YES;
				CLANG_WARN_EMPTY_BODY = YES;
				CLANG_WARN_ENUM_CONVERSION = YES;
				CLANG_WARN_INFINITE_RECURSION = YES;
				CLANG_WARN_INT_CONVERSION = YES;
				CLANG_WARN_OBJC_ROOT_CLASS = YES_ERROR;
				CLANG_WARN_SUSPICIOUS_MOVES = YES;
				CLANG_WARN_UNREACHABLE_CODE = YES;
				CLANG_WARN__DUPLICATE_METHOD_MATCH = YES;
				"CODE_SIGN_IDENTITY[sdk=iphoneos*]" = "iPhone Developer";
				COPY_PHASE_STRIP = NO;
				DEBUG_INFORMATION_FORMAT = "dwarf-with-dsym";
				ENABLE_NS_ASSERTIONS = NO;
				ENABLE_STRICT_OBJC_MSGSEND = YES;
				GCC_C_LANGUAGE_STANDARD = gnu99;
				GCC_NO_COMMON_BLOCKS = YES;
				GCC_WARN_64_TO_32_BIT_CONVERSION = YES;
				GCC_WARN_ABOUT_RETURN_TYPE = YES_ERROR;
				GCC_WARN_UNDECLARED_SELECTOR = YES;
				GCC_WARN_UNINITIALIZED_AUTOS = YES_AGGRESSIVE;
				GCC_WARN_UNUSED_FUNCTION = YES;
				GCC_WARN_UNUSED_VARIABLE = YES;
				IPHONEOS_DEPLOYMENT_TARGET = 10.1;
				MTL_ENABLE_DEBUG_INFO = NO;
				SDKROOT = iphoneos;
				TARGETED_DEVICE_FAMILY = "1,2";
				VALIDATE_PRODUCT = YES;
			};
			name = Release;
		};
		F7196E711DE6A26B00EB2A99 /* Debug */ = {
			isa = XCBuildConfiguration;
			baseConfigurationReference = 4EC40E70F4812E192E53A34A /* Pods-iOS Project Structure.debug.xcconfig */;
			buildSettings = {
				ASSETCATALOG_COMPILER_APPICON_NAME = AppIcon;
				DEVELOPMENT_TEAM = TRQW64F727;
				GCC_PREFIX_HEADER = "$(SRCROOT)/iOS Project Structure/iOSProjectStructure-Prefix.pch";
				INFOPLIST_FILE = "iOS Project Structure/Info.plist";
				IPHONEOS_DEPLOYMENT_TARGET = 8.0;
				LD_RUNPATH_SEARCH_PATHS = "$(inherited) @executable_path/Frameworks";
				PRODUCT_BUNDLE_IDENTIFIER = com.vea.iosprojectstructure;
				PRODUCT_NAME = "$(TARGET_NAME)";
			};
			name = Debug;
		};
		F7196E721DE6A26B00EB2A99 /* Release */ = {
			isa = XCBuildConfiguration;
			baseConfigurationReference = 1053E6B63DC648F3A756E6D8 /* Pods-iOS Project Structure.release.xcconfig */;
			buildSettings = {
				ASSETCATALOG_COMPILER_APPICON_NAME = AppIcon;
				DEVELOPMENT_TEAM = TRQW64F727;
				GCC_PREFIX_HEADER = "$(SRCROOT)/iOS Project Structure/iOSProjectStructure-Prefix.pch";
				INFOPLIST_FILE = "iOS Project Structure/Info.plist";
				IPHONEOS_DEPLOYMENT_TARGET = 8.0;
				LD_RUNPATH_SEARCH_PATHS = "$(inherited) @executable_path/Frameworks";
				PRODUCT_BUNDLE_IDENTIFIER = com.vea.iosprojectstructure;
				PRODUCT_NAME = "$(TARGET_NAME)";
			};
			name = Release;
		};
/* End XCBuildConfiguration section */

/* Begin XCConfigurationList section */
		F7196E541DE6A26B00EB2A99 /* Build configuration list for PBXProject "iOS Project Structure" */ = {
			isa = XCConfigurationList;
			buildConfigurations = (
				F7196E6E1DE6A26B00EB2A99 /* Debug */,
				F7196E6F1DE6A26B00EB2A99 /* Release */,
			);
			defaultConfigurationIsVisible = 0;
			defaultConfigurationName = Release;
		};
		F7196E701DE6A26B00EB2A99 /* Build configuration list for PBXNativeTarget "iOS Project Structure" */ = {
			isa = XCConfigurationList;
			buildConfigurations = (
				F7196E711DE6A26B00EB2A99 /* Debug */,
				F7196E721DE6A26B00EB2A99 /* Release */,
			);
			defaultConfigurationIsVisible = 0;
			defaultConfigurationName = Release;
		};
/* End XCConfigurationList section */
	};
	rootObject = F7196E511DE6A26B00EB2A99 /* Project object */;
}
